
Microsoft Visual Studio Solution File, Format Version 12.00
Project("{FAE04EC0-301F-11D3-BF4B-00C04F79EFBC}") = "GTNH_EBF_Calculator", "GTNH_EBF_Calculator\GTNH_EBF_Calculator.csproj", "{DF1ED4A1-3AE3-49C4-8371-4DB20B35EEE8}"
EndProject
Project("{FAE04EC0-301F-11D3-BF4B-00C04F79EFBC}") = "GTNH_EBF_Calculator.Core", "GTNH_EBF_Calculator.Core\GTNH_EBF_Calculator.Core.csproj", "{7C6FCE75-8493-43EE-822F-6224DC14C7A0}"
EndProject
Global
	GlobalSection(SolutionConfigurationPlatforms) = preSolution
		Debug|Any CPU = Debug|Any CPU
		Release|Any CPU = Release|Any CPU
	EndGlobalSection
	GlobalSection(ProjectConfigurationPlatforms) = postSolution
		{DF1ED4A1-3AE3-49C4-8371-4DB20B35EEE8}.Debug|Any CPU.ActiveCfg = Debug|Any CPU
		{DF1ED4A1-3AE3-49C4-8371-4DB20B35EEE8}.Debug|Any CPU.Build.0 = Debug|Any CPU
		{DF1ED4A1-3AE3-49C4-8371-4DB20B35EEE8}.Release|Any CPU.ActiveCfg = Release|Any CPU
		{DF1ED4A1-3AE3-49C4-8371-4DB20B35EEE8}.Release|Any CPU.Build.0 = Release|Any CPU
		{7C6FCE75-8493-43EE-822F-6224DC14C7A0}.Debug|Any CPU.ActiveCfg = Debug|Any CPU
		{7C6FCE75-8493-43EE-822F-6224DC14C7A0}.Debug|Any CPU.Build.0 = Debug|Any CPU
		{7C6FCE75-8493-43EE-822F-6224DC14C7A0}.Release|Any CPU.ActiveCfg = Release|Any CPU
		{7C6FCE75-8493-43EE-822F-6224DC14C7A0}.Release|Any CPU.Build.0 = Release|Any CPU
	EndGlobalSection
EndGlobal
